
Microsoft Visual Studio Solution File, Format Version 12.00
# Visual Studio 15
VisualStudioVersion = 15.0.27130.2020
MinimumVisualStudioVersion = 10.0.40219.1
Project("{2150E333-8FDC-42A3-9474-1A3956D46DE8}") = "04 Presentation", "04 Presentation", "{0F7A120D-DC3F-4F62-B023-5AD525EA4D9E}"
EndProject
Project("{2150E333-8FDC-42A3-9474-1A3956D46DE8}") = "05 InternalService", "05 InternalService", "{F688096A-BF1A-45B8-BADD-A87F8CEDDF43}"
EndProject
Project("{2150E333-8FDC-42A3-9474-1A3956D46DE8}") = "07 Global", "07 Global", "{060275F1-4CC3-408B-BB87-875BDFB2A661}"
EndProject
Project("{2150E333-8FDC-42A3-9474-1A3956D46DE8}") = "06 Tests", "06 Tests", "{BE73E4EF-4B87-4FFD-972B-5641F7F11D41}"
EndProject
Project("{2150E333-8FDC-42A3-9474-1A3956D46DE8}") = "02 Domian", "02 Domian", "{C3AA6C5A-C6F9-40C7-931C-57F4AD884259}"
EndProject
Project("{FAE04EC0-301F-11D3-BF4B-00C04F79EFBC}") = "Steven.Domain", "Steven.Domain\Steven.Domain.csproj", "{59C55421-76D6-443E-9254-A89EEED2186E}"
EndProject
Project("{FAE04EC0-301F-11D3-BF4B-00C04F79EFBC}") = "Steven.Domain.Repositories", "Steven.Domain.Repositories\Steven.Domain.Repositories.csproj", "{85C5395A-99B0-4340-88F4-89D2826A2189}"
EndProject
Project("{FAE04EC0-301F-11D3-BF4B-00C04F79EFBC}") = "Steven.Domain.Services", "Steven.Domain.Services\Steven.Domain.Services.csproj", "{528020CD-AE5E-4E54-81B1-474ACFB99890}"
EndProject
Project("{FAE04EC0-301F-11D3-BF4B-00C04F79EFBC}") = "Steven.Web", "Steven.Web\Steven.Web.csproj", "{062110E7-A13C-4CD2-8956-7478160F36DF}"
EndProject
Project("{FAE04EC0-301F-11D3-BF4B-00C04F79EFBC}") = "Steven.WinTools", "Steven.WinTools\Steven.WinTools.csproj", "{205C766B-09A3-4FB5-AC3D-BFA55E1B02FF}"
EndProject
Project("{FAE04EC0-301F-11D3-BF4B-00C04F79EFBC}") = "Steven.Service.Switch", "Steven.Service.Switch\Steven.Service.Switch.csproj", "{9C527818-AD73-4618-AA47-052EBFD81F3F}"
EndProject
Project("{FAE04EC0-301F-11D3-BF4B-00C04F79EFBC}") = "Steven.Service.Tasks", "Steven.Service.Tasks\Steven.Service.Tasks.csproj", "{15F57EB5-B7EB-49C4-9D87-0C5B5256E9A3}"
EndProject
Project("{FAE04EC0-301F-11D3-BF4B-00C04F79EFBC}") = "Steven.Service.WinServer", "Steven.Service.WinServer\Steven.Service.WinServer.csproj", "{45214703-FD83-4CE2-A80E-39D7BC859465}"
EndProject
Project("{FAE04EC0-301F-11D3-BF4B-00C04F79EFBC}") = "Steven.UnitTest", "Steven.UnitTest\Steven.UnitTest.csproj", "{F553B593-FB1F-4B48-AC4B-3123D1077A49}"
EndProject
Project("{FAE04EC0-301F-11D3-BF4B-00C04F79EFBC}") = "Steven.Global", "Steven.Global\Steven.Global.csproj", "{22DDC8BE-F959-4859-BC33-2649F06A0059}"
EndProject
Project("{FAE04EC0-301F-11D3-BF4B-00C04F79EFBC}") = "Steven.Core", "Steven.Core\Steven.Core.csproj", "{263F36C1-79E8-46E6-A34B-E9AF95D8EDDB}"
EndProject
Project("{2150E333-8FDC-42A3-9474-1A3956D46DE8}") = "01 Core", "01 Core", "{762BC877-4044-4D23-A829-240FFD247B0C}"
EndProject
Project("{FAE04EC0-301F-11D3-BF4B-00C04F79EFBC}") = "Steven.Web.Framework", "Steven.Web.Framework\Steven.Web.Framework.csproj", "{B0B26ECB-45D1-4BA7-A506-982BDC002BEF}"
EndProject
Project("{2150E333-8FDC-42A3-9474-1A3956D46DE8}") = "03 Framework", "03 Framework", "{0EF5DF64-8CB4-4AC4-94E0-E4577CB9FB8F}"
EndProject
Global
	GlobalSection(SolutionConfigurationPlatforms) = preSolution
		Debug|Any CPU = Debug|Any CPU
		Release|Any CPU = Release|Any CPU
	EndGlobalSection
	GlobalSection(ProjectConfigurationPlatforms) = postSolution
		{59C55421-76D6-443E-9254-A89EEED2186E}.Debug|Any CPU.ActiveCfg = Debug|Any CPU
		{59C55421-76D6-443E-9254-A89EEED2186E}.Debug|Any CPU.Build.0 = Debug|Any CPU
		{59C55421-76D6-443E-9254-A89EEED2186E}.Release|Any CPU.ActiveCfg = Release|Any CPU
		{59C55421-76D6-443E-9254-A89EEED2186E}.Release|Any CPU.Build.0 = Release|Any CPU
		{85C5395A-99B0-4340-88F4-89D2826A2189}.Debug|Any CPU.ActiveCfg = Debug|Any CPU
		{85C5395A-99B0-4340-88F4-89D2826A2189}.Debug|Any CPU.Build.0 = Debug|Any CPU
		{85C5395A-99B0-4340-88F4-89D2826A2189}.Release|Any CPU.ActiveCfg = Release|Any CPU
		{85C5395A-99B0-4340-88F4-89D2826A2189}.Release|Any CPU.Build.0 = Release|Any CPU
		{528020CD-AE5E-4E54-81B1-474ACFB99890}.Debug|Any CPU.ActiveCfg = Debug|Any CPU
		{528020CD-AE5E-4E54-81B1-474ACFB99890}.Debug|Any CPU.Build.0 = Debug|Any CPU
		{528020CD-AE5E-4E54-81B1-474ACFB99890}.Release|Any CPU.ActiveCfg = Release|Any CPU
		{528020CD-AE5E-4E54-81B1-474ACFB99890}.Release|Any CPU.Build.0 = Release|Any CPU
		{062110E7-A13C-4CD2-8956-7478160F36DF}.Debug|Any CPU.ActiveCfg = Debug|Any CPU
		{062110E7-A13C-4CD2-8956-7478160F36DF}.Debug|Any CPU.Build.0 = Debug|Any CPU
		{062110E7-A13C-4CD2-8956-7478160F36DF}.Release|Any CPU.ActiveCfg = Release|Any CPU
		{062110E7-A13C-4CD2-8956-7478160F36DF}.Release|Any CPU.Build.0 = Release|Any CPU
		{205C766B-09A3-4FB5-AC3D-BFA55E1B02FF}.Debug|Any CPU.ActiveCfg = Debug|Any CPU
		{205C766B-09A3-4FB5-AC3D-BFA55E1B02FF}.Debug|Any CPU.Build.0 = Debug|Any CPU
		{205C766B-09A3-4FB5-AC3D-BFA55E1B02FF}.Release|Any CPU.ActiveCfg = Release|Any CPU
		{205C766B-09A3-4FB5-AC3D-BFA55E1B02FF}.Release|Any CPU.Build.0 = Release|Any CPU
		{9C527818-AD73-4618-AA47-052EBFD81F3F}.Debug|Any CPU.ActiveCfg = Debug|Any CPU
		{9C527818-AD73-4618-AA47-052EBFD81F3F}.Debug|Any CPU.Build.0 = Debug|Any CPU
		{9C527818-AD73-4618-AA47-052EBFD81F3F}.Release|Any CPU.ActiveCfg = Release|Any CPU
		{9C527818-AD73-4618-AA47-052EBFD81F3F}.Release|Any CPU.Build.0 = Release|Any CPU
		{15F57EB5-B7EB-49C4-9D87-0C5B5256E9A3}.Debug|Any CPU.ActiveCfg = Debug|Any CPU
		{15F57EB5-B7EB-49C4-9D87-0C5B5256E9A3}.Debug|Any CPU.Build.0 = Debug|Any CPU
		{15F57EB5-B7EB-49C4-9D87-0C5B5256E9A3}.Release|Any CPU.ActiveCfg = Release|Any CPU
		{15F57EB5-B7EB-49C4-9D87-0C5B5256E9A3}.Release|Any CPU.Build.0 = Release|Any CPU
		{45214703-FD83-4CE2-A80E-39D7BC859465}.Debug|Any CPU.ActiveCfg = Debug|Any CPU
		{45214703-FD83-4CE2-A80E-39D7BC859465}.Debug|Any CPU.Build.0 = Debug|Any CPU
		{45214703-FD83-4CE2-A80E-39D7BC859465}.Release|Any CPU.ActiveCfg = Release|Any CPU
		{45214703-FD83-4CE2-A80E-39D7BC859465}.Release|Any CPU.Build.0 = Release|Any CPU
		{F553B593-FB1F-4B48-AC4B-3123D1077A49}.Debug|Any CPU.ActiveCfg = Debug|Any CPU
		{F553B593-FB1F-4B48-AC4B-3123D1077A49}.Debug|Any CPU.Build.0 = Debug|Any CPU
		{F553B593-FB1F-4B48-AC4B-3123D1077A49}.Release|Any CPU.ActiveCfg = Release|Any CPU
		{F553B593-FB1F-4B48-AC4B-3123D1077A49}.Release|Any CPU.Build.0 = Release|Any CPU
		{22DDC8BE-F959-4859-BC33-2649F06A0059}.Debug|Any CPU.ActiveCfg = Debug|Any CPU
		{22DDC8BE-F959-4859-BC33-2649F06A0059}.Release|Any CPU.ActiveCfg = Release|Any CPU
		{22DDC8BE-F959-4859-BC33-2649F06A0059}.Release|Any CPU.Build.0 = Release|Any CPU
		{263F36C1-79E8-46E6-A34B-E9AF95D8EDDB}.Debug|Any CPU.ActiveCfg = Debug|Any CPU
		{263F36C1-79E8-46E6-A34B-E9AF95D8EDDB}.Debug|Any CPU.Build.0 = Debug|Any CPU
		{263F36C1-79E8-46E6-A34B-E9AF95D8EDDB}.Release|Any CPU.ActiveCfg = Release|Any CPU
		{263F36C1-79E8-46E6-A34B-E9AF95D8EDDB}.Release|Any CPU.Build.0 = Release|Any CPU
		{B0B26ECB-45D1-4BA7-A506-982BDC002BEF}.Debug|Any CPU.ActiveCfg = Debug|Any CPU
		{B0B26ECB-45D1-4BA7-A506-982BDC002BEF}.Debug|Any CPU.Build.0 = Debug|Any CPU
		{B0B26ECB-45D1-4BA7-A506-982BDC002BEF}.Release|Any CPU.ActiveCfg = Release|Any CPU
		{B0B26ECB-45D1-4BA7-A506-982BDC002BEF}.Release|Any CPU.Build.0 = Release|Any CPU
	EndGlobalSection
	GlobalSection(SolutionProperties) = preSolution
		HideSolutionNode = FALSE
	EndGlobalSection
	GlobalSection(NestedProjects) = preSolution
		{59C55421-76D6-443E-9254-A89EEED2186E} = {C3AA6C5A-C6F9-40C7-931C-57F4AD884259}
		{85C5395A-99B0-4340-88F4-89D2826A2189} = {C3AA6C5A-C6F9-40C7-931C-57F4AD884259}
		{528020CD-AE5E-4E54-81B1-474ACFB99890} = {C3AA6C5A-C6F9-40C7-931C-57F4AD884259}
		{062110E7-A13C-4CD2-8956-7478160F36DF} = {0F7A120D-DC3F-4F62-B023-5AD525EA4D9E}
		{205C766B-09A3-4FB5-AC3D-BFA55E1B02FF} = {0F7A120D-DC3F-4F62-B023-5AD525EA4D9E}
		{9C527818-AD73-4618-AA47-052EBFD81F3F} = {F688096A-BF1A-45B8-BADD-A87F8CEDDF43}
		{15F57EB5-B7EB-49C4-9D87-0C5B5256E9A3} = {F688096A-BF1A-45B8-BADD-A87F8CEDDF43}
		{45214703-FD83-4CE2-A80E-39D7BC859465} = {F688096A-BF1A-45B8-BADD-A87F8CEDDF43}
		{F553B593-FB1F-4B48-AC4B-3123D1077A49} = {BE73E4EF-4B87-4FFD-972B-5641F7F11D41}
		{22DDC8BE-F959-4859-BC33-2649F06A0059} = {060275F1-4CC3-408B-BB87-875BDFB2A661}
		{263F36C1-79E8-46E6-A34B-E9AF95D8EDDB} = {762BC877-4044-4D23-A829-240FFD247B0C}
		{B0B26ECB-45D1-4BA7-A506-982BDC002BEF} = {0EF5DF64-8CB4-4AC4-94E0-E4577CB9FB8F}
	EndGlobalSection
	GlobalSection(ExtensibilityGlobals) = postSolution
		SolutionGuid = {D9A2E16C-27B7-4C16-83E6-3DBA8BC68B70}
		VisualSVNWorkingCopyRoot = .
	EndGlobalSection
EndGlobal
